
Microsoft Visual Studio Solution File, Format Version 12.00
# Visual Studio Version 17
VisualStudioVersion = 17.3.32901.215
MinimumVisualStudioVersion = 10.0.40219.1
Project("{9A19103F-16F7-4668-BE54-9A1E7A4F7556}") = "DevFreelaApp", "DevFreelaApp\DevFreelaApp.csproj", "{47DD65D0-5397-46F9-B9EC-D997F49F65D2}"
EndProject
Project("{FAE04EC0-301F-11D3-BF4B-00C04F79EFBC}") = "DevFreela.Core", "DevFreela.Core\DevFreela.Core.csproj", "{BB95A6CA-9701-4F19-B206-B5BA0ACED6F4}"
EndProject
Global
	GlobalSection(SolutionConfigurationPlatforms) = preSolution
		Debug|Any CPU = Debug|Any CPU
		Release|Any CPU = Release|Any CPU
	EndGlobalSection
	GlobalSection(ProjectConfigurationPlatforms) = postSolution
		{47DD65D0-5397-46F9-B9EC-D997F49F65D2}.Debug|Any CPU.ActiveCfg = Debug|Any CPU
		{47DD65D0-5397-46F9-B9EC-D997F49F65D2}.Debug|Any CPU.Build.0 = Debug|Any CPU
		{47DD65D0-5397-46F9-B9EC-D997F49F65D2}.Release|Any CPU.ActiveCfg = Release|Any CPU
		{47DD65D0-5397-46F9-B9EC-D997F49F65D2}.Release|Any CPU.Build.0 = Release|Any CPU
		{BB95A6CA-9701-4F19-B206-B5BA0ACED6F4}.Debug|Any CPU.ActiveCfg = Debug|Any CPU
		{BB95A6CA-9701-4F19-B206-B5BA0ACED6F4}.Debug|Any CPU.Build.0 = Debug|Any CPU
		{BB95A6CA-9701-4F19-B206-B5BA0ACED6F4}.Release|Any CPU.ActiveCfg = Release|Any CPU
		{BB95A6CA-9701-4F19-B206-B5BA0ACED6F4}.Release|Any CPU.Build.0 = Release|Any CPU
	EndGlobalSection
	GlobalSection(SolutionProperties) = preSolution
		HideSolutionNode = FALSE
	EndGlobalSection
	GlobalSection(ExtensibilityGlobals) = postSolution
		SolutionGuid = {B87317DF-549E-41B9-B7FF-B1643CEC8331}
	EndGlobalSection
EndGlobal
